
Microsoft Visual Studio Solution File, Format Version 12.00
# Visual Studio 2012
Project("{FAE04EC0-301F-11D3-BF4B-00C04F79EFBC}") = "trabajo de cristian", "trabajo de cristian\trabajo de cristian.csproj", "{8CCFB64F-7A6A-44D0-9BB0-E65663199B92}"
EndProject
Global
	GlobalSection(SolutionConfigurationPlatforms) = preSolution
		Debug|Any CPU = Debug|Any CPU
		Release|Any CPU = Release|Any CPU
	EndGlobalSection
	GlobalSection(ProjectConfigurationPlatforms) = postSolution
		{8CCFB64F-7A6A-44D0-9BB0-E65663199B92}.Debug|Any CPU.ActiveCfg = Debug|Any CPU
		{8CCFB64F-7A6A-44D0-9BB0-E65663199B92}.Debug|Any CPU.Build.0 = Debug|Any CPU
		{8CCFB64F-7A6A-44D0-9BB0-E65663199B92}.Release|Any CPU.ActiveCfg = Release|Any CPU
		{8CCFB64F-7A6A-44D0-9BB0-E65663199B92}.Release|Any CPU.Build.0 = Release|Any CPU
	EndGlobalSection
	GlobalSection(SolutionProperties) = preSolution
		HideSolutionNode = FALSE
	EndGlobalSection
EndGlobal
